
Microsoft Visual Studio Solution File, Format Version 12.00
# Visual Studio Version 17
VisualStudioVersion = 17.4.33213.308
MinimumVisualStudioVersion = 10.0.40219.1
Project("{FAE04EC0-301F-11D3-BF4B-00C04F79EFBC}") = "DiffieHellman", "DiffieHellman.csproj", "{3B226177-8FF6-4727-A50F-6F9C210FDBA7}"
EndProject
Global
	GlobalSection(SolutionConfigurationPlatforms) = preSolution
		Debug|Any CPU = Debug|Any CPU
		Release|Any CPU = Release|Any CPU
	EndGlobalSection
	GlobalSection(ProjectConfigurationPlatforms) = postSolution
		{3B226177-8FF6-4727-A50F-6F9C210FDBA7}.Debug|Any CPU.ActiveCfg = Debug|Any CPU
		{3B226177-8FF6-4727-A50F-6F9C210FDBA7}.Debug|Any CPU.Build.0 = Debug|Any CPU
		{3B226177-8FF6-4727-A50F-6F9C210FDBA7}.Release|Any CPU.ActiveCfg = Release|Any CPU
		{3B226177-8FF6-4727-A50F-6F9C210FDBA7}.Release|Any CPU.Build.0 = Release|Any CPU
	EndGlobalSection
	GlobalSection(SolutionProperties) = preSolution
		HideSolutionNode = FALSE
	EndGlobalSection
	GlobalSection(ExtensibilityGlobals) = postSolution
		SolutionGuid = {C905ECC0-3F2C-4F29-B4F9-469F2FB7F0D8}
	EndGlobalSection
EndGlobal
